// !$*UTF8*$!
{
	archiveVersion = 1;
	classes = {
	};
	objectVersion = 56;
	objects = {

/* Begin PBXBuildFile section */
		048DE4542B014E44006CBB30 /* AppDelegate.swift in Sources */ = {isa = PBXBuildFile; fileRef = 048DE4532B014E44006CBB30 /* AppDelegate.swift */; };
		048DE4562B014E44006CBB30 /* SceneDelegate.swift in Sources */ = {isa = PBXBuildFile; fileRef = 048DE4552B014E44006CBB30 /* SceneDelegate.swift */; };
		048DE4582B014E44006CBB30 /* ViewController.swift in Sources */ = {isa = PBXBuildFile; fileRef = 048DE4572B014E44006CBB30 /* ViewController.swift */; };
		048DE45B2B014E44006CBB30 /* Main.storyboard in Resources */ = {isa = PBXBuildFile; fileRef = 048DE4592B014E44006CBB30 /* Main.storyboard */; };
		048DE45D2B014E47006CBB30 /* Assets.xcassets in Resources */ = {isa = PBXBuildFile; fileRef = 048DE45C2B014E47006CBB30 /* Assets.xcassets */; };
		048DE4602B014E47006CBB30 /* LaunchScreen.storyboard in Resources */ = {isa = PBXBuildFile; fileRef = 048DE45E2B014E47006CBB30 /* LaunchScreen.storyboard */; };
		048DE46B2B014E47006CBB30 /* CountTests.swift in Sources */ = {isa = PBXBuildFile; fileRef = 048DE46A2B014E47006CBB30 /* CountTests.swift */; };
		048DE4752B014E48006CBB30 /* CountUITests.swift in Sources */ = {isa = PBXBuildFile; fileRef = 048DE4742B014E48006CBB30 /* CountUITests.swift */; };
		048DE4772B014E48006CBB30 /* CountUITestsLaunchTests.swift in Sources */ = {isa = PBXBuildFile; fileRef = 048DE4762B014E48006CBB30 /* CountUITestsLaunchTests.swift */; };
/* End PBXBuildFile section */

/* Begin PBXContainerItemProxy section */
		048DE4672B014E47006CBB30 /* PBXContainerItemProxy */ = {
			isa = PBXContainerItemProxy;
			containerPortal = 048DE4482B014E44006CBB30 /* Project object */;
			proxyType = 1;
			remoteGlobalIDString = 048DE44F2B014E44006CBB30;
			remoteInfo = Count;
		};
		048DE4712B014E48006CBB30 /* PBXContainerItemProxy */ = {
			isa = PBXContainerItemProxy;
			containerPortal = 048DE4482B014E44006CBB30 /* Project object */;
			proxyType = 1;
			remoteGlobalIDString = 048DE44F2B014E44006CBB30;
			remoteInfo = Count;
		};
/* End PBXContainerItemProxy section */

/* Begin PBXFileReference section */
		048DE4502B014E44006CBB30 /* Count.app */ = {isa = PBXFileReference; explicitFileType = wrapper.application; includeInIndex = 0; path = Count.app; sourceTree = BUILT_PRODUCTS_DIR; };
		048DE4532B014E44006CBB30 /* AppDelegate.swift */ = {isa = PBXFileReference; lastKnownFileType = sourcecode.swift; path = AppDelegate.swift; sourceTree = "<group>"; };
		048DE4552B014E44006CBB30 /* SceneDelegate.swift */ = {isa = PBXFileReference; lastKnownFileType = sourcecode.swift; path = SceneDelegate.swift; sourceTree = "<group>"; };
		048DE4572B014E44006CBB30 /* ViewController.swift */ = {isa = PBXFileReference; lastKnownFileType = sourcecode.swift; path = ViewController.swift; sourceTree = "<group>"; };
		048DE45A2B014E44006CBB30 /* Base */ = {isa = PBXFileReference; lastKnownFileType = file.storyboard; name = Base; path = Base.lproj/Main.storyboard; sourceTree = "<group>"; };
		048DE45C2B014E47006CBB30 /* Assets.xcassets */ = {isa = PBXFileReference; lastKnownFileType = folder.assetcatalog; path = Assets.xcassets; sourceTree = "<group>"; };
		048DE45F2B014E47006CBB30 /* Base */ = {isa = PBXFileReference; lastKnownFileType = file.storyboard; name = Base; path = Base.lproj/LaunchScreen.storyboard; sourceTree = "<group>"; };
		048DE4612B014E47006CBB30 /* Info.plist */ = {isa = PBXFileReference; lastKnownFileType = text.plist.xml; path = Info.plist; sourceTree = "<group>"; };
		048DE4662B014E47006CBB30 /* CountTests.xctest */ = {isa = PBXFileReference; explicitFileType = wrapper.cfbundle; includeInIndex = 0; path = CountTests.xctest; sourceTree = BUILT_PRODUCTS_DIR; };
		048DE46A2B014E47006CBB30 /* CountTests.swift */ = {isa = PBXFileReference; lastKnownFileType = sourcecode.swift; path = CountTests.swift; sourceTree = "<group>"; };
		048DE4702B014E48006CBB30 /* CountUITests.xctest */ = {isa = PBXFileReference; explicitFileType = wrapper.cfbundle; includeInIndex = 0; path = CountUITests.xctest; sourceTree = BUILT_PRODUCTS_DIR; };
		048DE4742B014E48006CBB30 /* CountUITests.swift */ = {isa = PBXFileReference; lastKnownFileType = sourcecode.swift; path = CountUITests.swift; sourceTree = "<group>"; };
		048DE4762B014E48006CBB30 /* CountUITestsLaunchTests.swift */ = {isa = PBXFileReference; lastKnownFileType = sourcecode.swift; path = CountUITestsLaunchTests.swift; sourceTree = "<group>"; };
/* End PBXFileReference section */

/* Begin PBXFrameworksBuildPhase section */
		048DE44D2B014E44006CBB30 /* Frameworks */ = {
			isa = PBXFrameworksBuildPhase;
			buildActionMask = 2147483647;
			files = (
			);
			runOnlyForDeploymentPostprocessing = 0;
		};
		048DE4632B014E47006CBB30 /* Frameworks */ = {
			isa = PBXFrameworksBuildPhase;
			buildActionMask = 2147483647;
			files = (
			);
			runOnlyForDeploymentPostprocessing = 0;
		};
		048DE46D2B014E48006CBB30 /* Frameworks */ = {
			isa = PBXFrameworksBuildPhase;
			buildActionMask = 2147483647;
			files = (
			);
			runOnlyForDeploymentPostprocessing = 0;
		};
/* End PBXFrameworksBuildPhase section */

/* Begin PBXGroup section */
		048DE4472B014E44006CBB30 = {
			isa = PBXGroup;
			children = (
				048DE4522B014E44006CBB30 /* Count */,
				048DE4692B014E47006CBB30 /* CountTests */,
				048DE4732B014E48006CBB30 /* CountUITests */,
				048DE4512B014E44006CBB30 /* Products */,
			);
			sourceTree = "<group>";
		};
		048DE4512B014E44006CBB30 /* Products */ = {
			isa = PBXGroup;
			children = (
				048DE4502B014E44006CBB30 /* Count.app */,
				048DE4662B014E47006CBB30 /* CountTests.xctest */,
				048DE4702B014E48006CBB30 /* CountUITests.xctest */,
			);
			name = Products;
			sourceTree = "<group>";
		};
		048DE4522B014E44006CBB30 /* Count */ = {
			isa = PBXGroup;
			children = (
				048DE4532B014E44006CBB30 /* AppDelegate.swift */,
				048DE4552B014E44006CBB30 /* SceneDelegate.swift */,
				048DE4572B014E44006CBB30 /* ViewController.swift */,
				048DE4592B014E44006CBB30 /* Main.storyboard */,
				048DE45C2B014E47006CBB30 /* Assets.xcassets */,
				048DE45E2B014E47006CBB30 /* LaunchScreen.storyboard */,
				048DE4612B014E47006CBB30 /* Info.plist */,
			);
			path = Count;
			sourceTree = "<group>";
		};
		048DE4692B014E47006CBB30 /* CountTests */ = {
			isa = PBXGroup;
			children = (
				048DE46A2B014E47006CBB30 /* CountTests.swift */,
			);
			path = CountTests;
			sourceTree = "<group>";
		};
		048DE4732B014E48006CBB30 /* CountUITests */ = {
			isa = PBXGroup;
			children = (
				048DE4742B014E48006CBB30 /* CountUITests.swift */,
				048DE4762B014E48006CBB30 /* CountUITestsLaunchTests.swift */,
			);
			path = CountUITests;
			sourceTree = "<group>";
		};
/* End PBXGroup section */

/* Begin PBXNativeTarget section */
		048DE44F2B014E44006CBB30 /* Count */ = {
			isa = PBXNativeTarget;
			buildConfigurationList = 048DE47A2B014E48006CBB30 /* Build configuration list for PBXNativeTarget "Count" */;
			buildPhases = (
				048DE44C2B014E44006CBB30 /* Sources */,
				048DE44D2B014E44006CBB30 /* Frameworks */,
				048DE44E2B014E44006CBB30 /* Resources */,
			);
			buildRules = (
			);
			dependencies = (
			);
			name = Count;
			productName = Count;
			productReference = 048DE4502B014E44006CBB30 /* Count.app */;
			productType = "com.apple.product-type.application";
		};
		048DE4652B014E47006CBB30 /* CountTests */ = {
			isa = PBXNativeTarget;
			buildConfigurationList = 048DE47D2B014E48006CBB30 /* Build configuration list for PBXNativeTarget "CountTests" */;
			buildPhases = (
				048DE4622B014E47006CBB30 /* Sources */,
				048DE4632B014E47006CBB30 /* Frameworks */,
				048DE4642B014E47006CBB30 /* Resources */,
			);
			buildRules = (
			);
			dependencies = (
				048DE4682B014E47006CBB30 /* PBXTargetDependency */,
			);
			name = CountTests;
			productName = CountTests;
			productReference = 048DE4662B014E47006CBB30 /* CountTests.xctest */;
			productType = "com.apple.product-type.bundle.unit-test";
		};
		048DE46F2B014E48006CBB30 /* CountUITests */ = {
			isa = PBXNativeTarget;
			buildConfigurationList = 048DE4802B014E48006CBB30 /* Build configuration list for PBXNativeTarget "CountUITests" */;
			buildPhases = (
				048DE46C2B014E48006CBB30 /* Sources */,
				048DE46D2B014E48006CBB30 /* Frameworks */,
				048DE46E2B014E48006CBB30 /* Resources */,
			);
			buildRules = (
			);
			dependencies = (
				048DE4722B014E48006CBB30 /* PBXTargetDependency */,
			);
			name = CountUITests;
			productName = CountUITests;
			productReference = 048DE4702B014E48006CBB30 /* CountUITests.xctest */;
			productType = "com.apple.product-type.bundle.ui-testing";
		};
/* End PBXNativeTarget section */

/* Begin PBXProject section */
		048DE4482B014E44006CBB30 /* Project object */ = {
			isa = PBXProject;
			attributes = {
				BuildIndependentTargetsInParallel = 1;
				LastSwiftUpdateCheck = 1500;
				LastUpgradeCheck = 1500;
				TargetAttributes = {
					048DE44F2B014E44006CBB30 = {
						CreatedOnToolsVersion = 15.0.1;
					};
					048DE4652B014E47006CBB30 = {
						CreatedOnToolsVersion = 15.0.1;
						TestTargetID = 048DE44F2B014E44006CBB30;
					};
					048DE46F2B014E48006CBB30 = {
						CreatedOnToolsVersion = 15.0.1;
						TestTargetID = 048DE44F2B014E44006CBB30;
					};
				};
			};
			buildConfigurationList = 048DE44B2B014E44006CBB30 /* Build configuration list for PBXProject "Count" */;
			compatibilityVersion = "Xcode 14.0";
			developmentRegion = en;
			hasScannedForEncodings = 0;
			knownRegions = (
				en,
				Base,
			);
			mainGroup = 048DE4472B014E44006CBB30;
			productRefGroup = 048DE4512B014E44006CBB30 /* Products */;
			projectDirPath = "";
			projectRoot = "";
			targets = (
				048DE44F2B014E44006CBB30 /* Count */,
				048DE4652B014E47006CBB30 /* CountTests */,
				048DE46F2B014E48006CBB30 /* CountUITests */,
			);
		};
/* End PBXProject section */

/* Begin PBXResourcesBuildPhase section */
		048DE44E2B014E44006CBB30 /* Resources */ = {
			isa = PBXResourcesBuildPhase;
			buildActionMask = 2147483647;
			files = (
				048DE4602B014E47006CBB30 /* LaunchScreen.storyboard in Resources */,
				048DE45D2B014E47006CBB30 /* Assets.xcassets in Resources */,
				048DE45B2B014E44006CBB30 /* Main.storyboard in Resources */,
			);
			runOnlyForDeploymentPostprocessing = 0;
		};
		048DE4642B014E47006CBB30 /* Resources */ = {
			isa = PBXResourcesBuildPhase;
			buildActionMask = 2147483647;
			files = (
			);
			runOnlyForDeploymentPostprocessing = 0;
		};
		048DE46E2B014E48006CBB30 /* Resources */ = {
			isa = PBXResourcesBuildPhase;
			buildActionMask = 2147483647;
			files = (
			);
			runOnlyForDeploymentPostprocessing = 0;
		};
/* End PBXResourcesBuildPhase section */

/* Begin PBXSourcesBuildPhase section */
		048DE44C2B014E44006CBB30 /* Sources */ = {
			isa = PBXSourcesBuildPhase;
			buildActionMask = 2147483647;
			files = (
				048DE4582B014E44006CBB30 /* ViewController.swift in Sources */,
				048DE4542B014E44006CBB30 /* AppDelegate.swift in Sources */,
				048DE4562B014E44006CBB30 /* SceneDelegate.swift in Sources */,
			);
			runOnlyForDeploymentPostprocessing = 0;
		};
		048DE4622B014E47006CBB30 /* Sources */ = {
			isa = PBXSourcesBuildPhase;
			buildActionMask = 2147483647;
			files = (
				048DE46B2B014E47006CBB30 /* CountTests.swift in Sources */,
			);
			runOnlyForDeploymentPostprocessing = 0;
		};
		048DE46C2B014E48006CBB30 /* Sources */ = {
			isa = PBXSourcesBuildPhase;
			buildActionMask = 2147483647;
			files = (
				048DE4772B014E48006CBB30 /* CountUITestsLaunchTests.swift in Sources */,
				048DE4752B014E48006CBB30 /* CountUITests.swift in Sources */,
			);
			runOnlyForDeploymentPostprocessing = 0;
		};
/* End PBXSourcesBuildPhase section */

/* Begin PBXTargetDependency section */
		048DE4682B014E47006CBB30 /* PBXTargetDependency */ = {
			isa = PBXTargetDependency;
			target = 048DE44F2B014E44006CBB30 /* Count */;
			targetProxy = 048DE4672B014E47006CBB30 /* PBXContainerItemProxy */;
		};
		048DE4722B014E48006CBB30 /* PBXTargetDependency */ = {
			isa = PBXTargetDependency;
			target = 048DE44F2B014E44006CBB30 /* Count */;
			targetProxy = 048DE4712B014E48006CBB30 /* PBXContainerItemProxy */;
		};
/* End PBXTargetDependency section */

/* Begin PBXVariantGroup section */
		048DE4592B014E44006CBB30 /* Main.storyboard */ = {
			isa = PBXVariantGroup;
			children = (
				048DE45A2B014E44006CBB30 /* Base */,
			);
			name = Main.storyboard;
			sourceTree = "<group>";
		};
		048DE45E2B014E47006CBB30 /* LaunchScreen.storyboard */ = {
			isa = PBXVariantGroup;
			children = (
				048DE45F2B014E47006CBB30 /* Base */,
			);
			name = LaunchScreen.storyboard;
			sourceTree = "<group>";
		};
/* End PBXVariantGroup section */

/* Begin XCBuildConfiguration section */
		048DE4782B014E48006CBB30 /* Debug */ = {
			isa = XCBuildConfiguration;
			buildSettings = {
				ALWAYS_SEARCH_USER_PATHS = NO;
				ASSETCATALOG_COMPILER_GENERATE_SWIFT_ASSET_SYMBOL_EXTENSIONS = YES;
				CLANG_ANALYZER_NONNULL = YES;
				CLANG_ANALYZER_NUMBER_OBJECT_CONVERSION = YES_AGGRESSIVE;
				CLANG_CXX_LANGUAGE_STANDARD = "gnu++20";
				CLANG_ENABLE_MODULES = YES;
				CLANG_ENABLE_OBJC_ARC = YES;
				CLANG_ENABLE_OBJC_WEAK = YES;
				CLANG_WARN_BLOCK_CAPTURE_AUTORELEASING = YES;
				CLANG_WARN_BOOL_CONVERSION = YES;
				CLANG_WARN_COMMA = YES;
				CLANG_WARN_CONSTANT_CONVERSION = YES;
				CLANG_WARN_DEPRECATED_OBJC_IMPLEMENTATIONS = YES;
				CLANG_WARN_DIRECT_OBJC_ISA_USAGE = YES_ERROR;
				CLANG_WARN_DOCUMENTATION_COMMENTS = YES;
				CLANG_WARN_EMPTY_BODY = YES;
				CLANG_WARN_ENUM_CONVERSION = YES;
				CLANG_WARN_INFINITE_RECURSION = YES;
				CLANG_WARN_INT_CONVERSION = YES;
				CLANG_WARN_NON_LITERAL_NULL_CONVERSION = YES;
				CLANG_WARN_OBJC_IMPLICIT_RETAIN_SELF = YES;
				CLANG_WARN_OBJC_LITERAL_CONVERSION = YES;
				CLANG_WARN_OBJC_ROOT_CLASS = YES_ERROR;
				CLANG_WARN_QUOTED_INCLUDE_IN_FRAMEWORK_HEADER = YES;
				CLANG_WARN_RANGE_LOOP_ANALYSIS = YES;
				CLANG_WARN_STRICT_PROTOTYPES = YES;
				CLANG_WARN_SUSPICIOUS_MOVE = YES;
				CLANG_WARN_UNGUARDED_AVAILABILITY = YES_AGGRESSIVE;
				CLANG_WARN_UNREACHABLE_CODE = YES;
				CLANG_WARN__DUPLICATE_METHOD_MATCH = YES;
				COPY_PHASE_STRIP = NO;
				DEBUG_INFORMATION_FORMAT = dwarf;
				ENABLE_STRICT_OBJC_MSGSEND = YES;
				ENABLE_TESTABILITY = YES;
				ENABLE_USER_SCRIPT_SANDBOXING = YES;
				GCC_C_LANGUAGE_STANDARD = gnu17;
				GCC_DYNAMIC_NO_PIC = NO;
				GCC_NO_COMMON_BLOCKS = YES;
				GCC_OPTIMIZATION_LEVEL = 0;
				GCC_PREPROCESSOR_DEFINITIONS = (
					"DEBUG=1",
					"$(inherited)",
				);
				GCC_WARN_64_TO_32_BIT_CONVERSION = YES;
				GCC_WARN_ABOUT_RETURN_TYPE = YES_ERROR;
				GCC_WARN_UNDECLARED_SELECTOR = YES;
				GCC_WARN_UNINITIALIZED_AUTOS = YES_AGGRESSIVE;
				GCC_WARN_UNUSED_FUNCTION = YES;
				GCC_WARN_UNUSED_VARIABLE = YES;
				IPHONEOS_DEPLOYMENT_TARGET = 17.0;
				LOCALIZATION_PREFERS_STRING_CATALOGS = YES;
				MTL_ENABLE_DEBUG_INFO = INCLUDE_SOURCE;
				MTL_FAST_MATH = YES;
				ONLY_ACTIVE_ARCH = YES;
				SDKROOT = iphoneos;
				SWIFT_ACTIVE_COMPILATION_CONDITIONS = "DEBUG $(inherited)";
				SWIFT_OPTIMIZATION_LEVEL = "-Onone";
			};
			name = Debug;
		};
		048DE4792B014E48006CBB30 /* Release */ = {
			isa = XCBuildConfiguration;
			buildSettings = {
				ALWAYS_SEARCH_USER_PATHS = NO;
				ASSETCATALOG_COMPILER_GENERATE_SWIFT_ASSET_SYMBOL_EXTENSIONS = YES;
				CLANG_ANALYZER_NONNULL = YES;
				CLANG_ANALYZER_NUMBER_OBJECT_CONVERSION = YES_AGGRESSIVE;
				CLANG_CXX_LANGUAGE_STANDARD = "gnu++20";
				CLANG_ENABLE_MODULES = YES;
				CLANG_ENABLE_OBJC_ARC = YES;
				CLANG_ENABLE_OBJC_WEAK = YES;
				CLANG_WARN_BLOCK_CAPTURE_AUTORELEASING = YES;
				CLANG_WARN_BOOL_CONVERSION = YES;
				CLANG_WARN_COMMA = YES;
				CLANG_WARN_CONSTANT_CONVERSION = YES;
				CLANG_WARN_DEPRECATED_OBJC_IMPLEMENTATIONS = YES;
				CLANG_WARN_DIRECT_OBJC_ISA_USAGE = YES_ERROR;
				CLANG_WARN_DOCUMENTATION_COMMENTS = YES;
				CLANG_WARN_EMPTY_BODY = YES;
				CLANG_WARN_ENUM_CONVERSION = YES;
				CLANG_WARN_INFINITE_RECURSION = YES;
				CLANG_WARN_INT_CONVERSION = YES;
				CLANG_WARN_NON_LITERAL_NULL_CONVERSION = YES;
				CLANG_WARN_OBJC_IMPLICIT_RETAIN_SELF = YES;
				CLANG_WARN_OBJC_LITERAL_CONVERSION = YES;
				CLANG_WARN_OBJC_ROOT_CLASS = YES_ERROR;
				CLANG_WARN_QUOTED_INCLUDE_IN_FRAMEWORK_HEADER = YES;
				CLANG_WARN_RANGE_LOOP_ANALYSIS = YES;
				CLANG_WARN_STRICT_PROTOTYPES = YES;
				CLANG_WARN_SUSPICIOUS_MOVE = YES;
				CLANG_WARN_UNGUARDED_AVAILABILITY = YES_AGGRESSIVE;
				CLANG_WARN_UNREACHABLE_CODE = YES;
				CLANG_WARN__DUPLICATE_METHOD_MATCH = YES;
				COPY_PHASE_STRIP = NO;
				DEBUG_INFORMATION_FORMAT = "dwarf-with-dsym";
				ENABLE_NS_ASSERTIONS = NO;
				ENABLE_STRICT_OBJC_MSGSEND = YES;
				ENABLE_USER_SCRIPT_SANDBOXING = YES;
				GCC_C_LANGUAGE_STANDARD = gnu17;
				GCC_NO_COMMON_BLOCKS = YES;
				GCC_WARN_64_TO_32_BIT_CONVERSION = YES;
				GCC_WARN_ABOUT_RETURN_TYPE = YES_ERROR;
				GCC_WARN_UNDECLARED_SELECTOR = YES;
				GCC_WARN_UNINITIALIZED_AUTOS = YES_AGGRESSIVE;
				GCC_WARN_UNUSED_FUNCTION = YES;
				GCC_WARN_UNUSED_VARIABLE = YES;
				IPHONEOS_DEPLOYMENT_TARGET = 17.0;
				LOCALIZATION_PREFERS_STRING_CATALOGS = YES;
				MTL_ENABLE_DEBUG_INFO = NO;
				MTL_FAST_MATH = YES;
				SDKROOT = iphoneos;
				SWIFT_COMPILATION_MODE = wholemodule;
				VALIDATE_PRODUCT = YES;
			};
			name = Release;
		};
		048DE47B2B014E48006CBB30 /* Debug */ = {
			isa = XCBuildConfiguration;
			buildSettings = {
				ASSETCATALOG_COMPILER_APPICON_NAME = AppIcon;
				ASSETCATALOG_COMPILER_GLOBAL_ACCENT_COLOR_NAME = AccentColor;
				CODE_SIGN_STYLE = Automatic;
				CURRENT_PROJECT_VERSION = 1;
				GENERATE_INFOPLIST_FILE = YES;
				INFOPLIST_FILE = Count/Info.plist;
				INFOPLIST_KEY_UIApplicationSupportsIndirectInputEvents = YES;
				INFOPLIST_KEY_UILaunchStoryboardName = LaunchScreen;
				INFOPLIST_KEY_UIMainStoryboardFile = Main;
				INFOPLIST_KEY_UISupportedInterfaceOrientations_iPad = "UIInterfaceOrientationPortrait UIInterfaceOrientationPortraitUpsideDown UIInterfaceOrientationLandscapeLeft UIInterfaceOrientationLandscapeRight";
				INFOPLIST_KEY_UISupportedInterfaceOrientations_iPhone = "UIInterfaceOrientationPortrait UIInterfaceOrientationLandscapeLeft UIInterfaceOrientationLandscapeRight";
				LD_RUNPATH_SEARCH_PATHS = (
					"$(inherited)",
					"@executable_path/Frameworks",
				);
				MARKETING_VERSION = 1.0;
				PRODUCT_BUNDLE_IDENTIFIER = opp.Count;
				PRODUCT_NAME = "$(TARGET_NAME)";
				SWIFT_EMIT_LOC_STRINGS = YES;
				SWIFT_VERSION = 5.0;
				TARGETED_DEVICE_FAMILY = "1,2";
			};
			name = Debug;
		};
		048DE47C2B014E48006CBB30 /* Release */ = {
			isa = XCBuildConfiguration;
			buildSettings = {
				ASSETCATALOG_COMPILER_APPICON_NAME = AppIcon;
				ASSETCATALOG_COMPILER_GLOBAL_ACCENT_COLOR_NAME = AccentColor;
				CODE_SIGN_STYLE = Automatic;
				CURRENT_PROJECT_VERSION = 1;
				GENERATE_INFOPLIST_FILE = YES;
				INFOPLIST_FILE = Count/Info.plist;
				INFOPLIST_KEY_UIApplicationSupportsIndirectInputEvents = YES;
				INFOPLIST_KEY_UILaunchStoryboardName = LaunchScreen;
				INFOPLIST_KEY_UIMainStoryboardFile = Main;
				INFOPLIST_KEY_UISupportedInterfaceOrientations_iPad = "UIInterfaceOrientationPortrait UIInterfaceOrientationPortraitUpsideDown UIInterfaceOrientationLandscapeLeft UIInterfaceOrientationLandscapeRight";
				INFOPLIST_KEY_UISupportedInterfaceOrientations_iPhone = "UIInterfaceOrientationPortrait UIInterfaceOrientationLandscapeLeft UIInterfaceOrientationLandscapeRight";
				LD_RUNPATH_SEARCH_PATHS = (
					"$(inherited)",
					"@executable_path/Frameworks",
				);
				MARKETING_VERSION = 1.0;
				PRODUCT_BUNDLE_IDENTIFIER = opp.Count;
				PRODUCT_NAME = "$(TARGET_NAME)";
				SWIFT_EMIT_LOC_STRINGS = YES;
				SWIFT_VERSION = 5.0;
				TARGETED_DEVICE_FAMILY = "1,2";
			};
			name = Release;
		};
		048DE47E2B014E48006CBB30 /* Debug */ = {
			isa = XCBuildConfiguration;
			buildSettings = {
				ALWAYS_EMBED_SWIFT_STANDARD_LIBRARIES = YES;
				BUNDLE_LOADER = "$(TEST_HOST)";
				CODE_SIGN_STYLE = Automatic;
				CURRENT_PROJECT_VERSION = 1;
				GENERATE_INFOPLIST_FILE = YES;
				IPHONEOS_DEPLOYMENT_TARGET = 17.0;
				MARKETING_VERSION = 1.0;
				PRODUCT_BUNDLE_IDENTIFIER = opp.CountTests;
				PRODUCT_NAME = "$(TARGET_NAME)";
				SWIFT_EMIT_LOC_STRINGS = NO;
				SWIFT_VERSION = 5.0;
				TARGETED_DEVICE_FAMILY = "1,2";
				TEST_HOST = "$(BUILT_PRODUCTS_DIR)/Count.app/$(BUNDLE_EXECUTABLE_FOLDER_PATH)/Count";
			};
			name = Debug;
		};
		048DE47F2B014E48006CBB30 /* Release */ = {
			isa = XCBuildConfiguration;
			buildSettings = {
				ALWAYS_EMBED_SWIFT_STANDARD_LIBRARIES = YES;
				BUNDLE_LOADER = "$(TEST_HOST)";
				CODE_SIGN_STYLE = Automatic;
				CURRENT_PROJECT_VERSION = 1;
				GENERATE_INFOPLIST_FILE = YES;
				IPHONEOS_DEPLOYMENT_TARGET = 17.0;
				MARKETING_VERSION = 1.0;
				PRODUCT_BUNDLE_IDENTIFIER = opp.CountTests;
				PRODUCT_NAME = "$(TARGET_NAME)";
				SWIFT_EMIT_LOC_STRINGS = NO;
				SWIFT_VERSION = 5.0;
				TARGETED_DEVICE_FAMILY = "1,2";
				TEST_HOST = "$(BUILT_PRODUCTS_DIR)/Count.app/$(BUNDLE_EXECUTABLE_FOLDER_PATH)/Count";
			};
			name = Release;
		};
		048DE4812B014E48006CBB30 /* Debug */ = {
			isa = XCBuildConfiguration;
			buildSettings = {
				ALWAYS_EMBED_SWIFT_STANDARD_LIBRARIES = YES;
				CODE_SIGN_STYLE = Automatic;
				CURRENT_PROJECT_VERSION = 1;
				GENERATE_INFOPLIST_FILE = YES;
				MARKETING_VERSION = 1.0;
				PRODUCT_BUNDLE_IDENTIFIER = opp.CountUITests;
				PRODUCT_NAME = "$(TARGET_NAME)";
				SWIFT_EMIT_LOC_STRINGS = NO;
				SWIFT_VERSION = 5.0;
				TARGETED_DEVICE_FAMILY = "1,2";
				TEST_TARGET_NAME = Count;
			};
			name = Debug;
		};
		048DE4822B014E48006CBB30 /* Release */ = {
			isa = XCBuildConfiguration;
			buildSettings = {
				ALWAYS_EMBED_SWIFT_STANDARD_LIBRARIES = YES;
				CODE_SIGN_STYLE = Automatic;
				CURRENT_PROJECT_VERSION = 1;
				GENERATE_INFOPLIST_FILE = YES;
				MARKETING_VERSION = 1.0;
				PRODUCT_BUNDLE_IDENTIFIER = opp.CountUITests;
				PRODUCT_NAME = "$(TARGET_NAME)";
				SWIFT_EMIT_LOC_STRINGS = NO;
				SWIFT_VERSION = 5.0;
				TARGETED_DEVICE_FAMILY = "1,2";
				TEST_TARGET_NAME = Count;
			};
			name = Release;
		};
/* End XCBuildConfiguration section */

/* Begin XCConfigurationList section */
		048DE44B2B014E44006CBB30 /* Build configuration list for PBXProject "Count" */ = {
			isa = XCConfigurationList;
			buildConfigurations = (
				048DE4782B014E48006CBB30 /* Debug */,
				048DE4792B014E48006CBB30 /* Release */,
			);
			defaultConfigurationIsVisible = 0;
			defaultConfigurationName = Release;
		};
		048DE47A2B014E48006CBB30 /* Build configuration list for PBXNativeTarget "Count" */ = {
			isa = XCConfigurationList;
			buildConfigurations = (
				048DE47B2B014E48006CBB30 /* Debug */,
				048DE47C2B014E48006CBB30 /* Release */,
			);
			defaultConfigurationIsVisible = 0;
			defaultConfigurationName = Release;
		};
		048DE47D2B014E48006CBB30 /* Build configuration list for PBXNativeTarget "CountTests" */ = {
			isa = XCConfigurationList;
			buildConfigurations = (
				048DE47E2B014E48006CBB30 /* Debug */,
				048DE47F2B014E48006CBB30 /* Release */,
			);
			defaultConfigurationIsVisible = 0;
			defaultConfigurationName = Release;
		};
		048DE4802B014E48006CBB30 /* Build configuration list for PBXNativeTarget "CountUITests" */ = {
			isa = XCConfigurationList;
			buildConfigurations = (
				048DE4812B014E48006CBB30 /* Debug */,
				048DE4822B014E48006CBB30 /* Release */,
			);
			defaultConfigurationIsVisible = 0;
			defaultConfigurationName = Release;
		};
/* End XCConfigurationList section */
	};
	rootObject = 048DE4482B014E44006CBB30 /* Project object */;
}
